
Microsoft Visual Studio Solution File, Format Version 12.00
# Visual Studio Version 16
VisualStudioVersion = 16.0.31515.178
MinimumVisualStudioVersion = 10.0.40219.1
Project("{FAE04EC0-301F-11D3-BF4B-00C04F79EFBC}") = "HomeTask1", "HomeTask1\HomeTask1.csproj", "{4CD5E9E5-D8F8-4203-8E23-63C2E13486BD}"
EndProject
Global
	GlobalSection(SolutionConfigurationPlatforms) = preSolution
		Debug|Any CPU = Debug|Any CPU
		Release|Any CPU = Release|Any CPU
	EndGlobalSection
	GlobalSection(ProjectConfigurationPlatforms) = postSolution
		{4CD5E9E5-D8F8-4203-8E23-63C2E13486BD}.Debug|Any CPU.ActiveCfg = Debug|Any CPU
		{4CD5E9E5-D8F8-4203-8E23-63C2E13486BD}.Debug|Any CPU.Build.0 = Debug|Any CPU
		{4CD5E9E5-D8F8-4203-8E23-63C2E13486BD}.Release|Any CPU.ActiveCfg = Release|Any CPU
		{4CD5E9E5-D8F8-4203-8E23-63C2E13486BD}.Release|Any CPU.Build.0 = Release|Any CPU
	EndGlobalSection
	GlobalSection(SolutionProperties) = preSolution
		HideSolutionNode = FALSE
	EndGlobalSection
	GlobalSection(ExtensibilityGlobals) = postSolution
		SolutionGuid = {0291262B-09FC-4241-921D-8149BFCF02CC}
	EndGlobalSection
EndGlobal
